
Microsoft Visual Studio Solution File, Format Version 12.00
# Visual Studio Version 17
VisualStudioVersion = 17.5.002.0
MinimumVisualStudioVersion = 10.0.40219.1
Project("{9A19103F-16F7-4668-BE54-9A1E7A4F7556}") = "ContosoPizza", "ContosoPizza.csproj", "{DBD7BD27-3EDF-4FF9-A5B7-DAAA0B57BBA2}"
EndProject
Global
	GlobalSection(SolutionConfigurationPlatforms) = preSolution
		Debug|Any CPU = Debug|Any CPU
		Release|Any CPU = Release|Any CPU
	EndGlobalSection
	GlobalSection(ProjectConfigurationPlatforms) = postSolution
		{DBD7BD27-3EDF-4FF9-A5B7-DAAA0B57BBA2}.Debug|Any CPU.ActiveCfg = Debug|Any CPU
		{DBD7BD27-3EDF-4FF9-A5B7-DAAA0B57BBA2}.Debug|Any CPU.Build.0 = Debug|Any CPU
		{DBD7BD27-3EDF-4FF9-A5B7-DAAA0B57BBA2}.Release|Any CPU.ActiveCfg = Release|Any CPU
		{DBD7BD27-3EDF-4FF9-A5B7-DAAA0B57BBA2}.Release|Any CPU.Build.0 = Release|Any CPU
	EndGlobalSection
	GlobalSection(SolutionProperties) = preSolution
		HideSolutionNode = FALSE
	EndGlobalSection
	GlobalSection(ExtensibilityGlobals) = postSolution
		SolutionGuid = {376C3368-676A-4723-B702-EA0BC4A604DD}
	EndGlobalSection
EndGlobal
